
Microsoft Visual Studio Solution File, Format Version 12.00
# Visual Studio Version 16
VisualStudioVersion = 16.0.30330.147
MinimumVisualStudioVersion = 10.0.40219.1
Project("{FAE04EC0-301F-11D3-BF4B-00C04F79EFBC}") = "NSWOpenDataTransportApp", "NSWOpenDataTransportApp\NSWOpenDataTransportApp.csproj", "{7D22EB58-97C4-40E7-B032-121D9A99FD3D}"
EndProject
Project("{FAE04EC0-301F-11D3-BF4B-00C04F79EFBC}") = "NSWOpenDataTransportLibrary", "NSWOpenDataTransportLibrary\NSWOpenDataTransportLibrary.csproj", "{A9888D59-CC38-4ECA-A46F-678B061C282C}"
EndProject
Project("{FAE04EC0-301F-11D3-BF4B-00C04F79EFBC}") = "NSWOpenDataTransportTests", "NSWOpenDataTransportTests\NSWOpenDataTransportTests.csproj", "{52C85D68-AC7F-4ECC-AFF6-0EE8E2CF75F8}"
EndProject
Global
	GlobalSection(SolutionConfigurationPlatforms) = preSolution
		Debug|Any CPU = Debug|Any CPU
		Release|Any CPU = Release|Any CPU
	EndGlobalSection
	GlobalSection(ProjectConfigurationPlatforms) = postSolution
		{7D22EB58-97C4-40E7-B032-121D9A99FD3D}.Debug|Any CPU.ActiveCfg = Debug|Any CPU
		{7D22EB58-97C4-40E7-B032-121D9A99FD3D}.Debug|Any CPU.Build.0 = Debug|Any CPU
		{7D22EB58-97C4-40E7-B032-121D9A99FD3D}.Release|Any CPU.ActiveCfg = Release|Any CPU
		{7D22EB58-97C4-40E7-B032-121D9A99FD3D}.Release|Any CPU.Build.0 = Release|Any CPU
		{A9888D59-CC38-4ECA-A46F-678B061C282C}.Debug|Any CPU.ActiveCfg = Debug|Any CPU
		{A9888D59-CC38-4ECA-A46F-678B061C282C}.Debug|Any CPU.Build.0 = Debug|Any CPU
		{A9888D59-CC38-4ECA-A46F-678B061C282C}.Release|Any CPU.ActiveCfg = Release|Any CPU
		{A9888D59-CC38-4ECA-A46F-678B061C282C}.Release|Any CPU.Build.0 = Release|Any CPU
		{52C85D68-AC7F-4ECC-AFF6-0EE8E2CF75F8}.Debug|Any CPU.ActiveCfg = Debug|Any CPU
		{52C85D68-AC7F-4ECC-AFF6-0EE8E2CF75F8}.Debug|Any CPU.Build.0 = Debug|Any CPU
		{52C85D68-AC7F-4ECC-AFF6-0EE8E2CF75F8}.Release|Any CPU.ActiveCfg = Release|Any CPU
		{52C85D68-AC7F-4ECC-AFF6-0EE8E2CF75F8}.Release|Any CPU.Build.0 = Release|Any CPU
	EndGlobalSection
	GlobalSection(SolutionProperties) = preSolution
		HideSolutionNode = FALSE
	EndGlobalSection
	GlobalSection(ExtensibilityGlobals) = postSolution
		SolutionGuid = {E1232F89-F65E-4C8D-8479-7BF3B16C5F86}
	EndGlobalSection
EndGlobal
